
Microsoft Visual Studio Solution File, Format Version 12.00
# Visual Studio Version 16
VisualStudioVersion = 16.0.31729.503
MinimumVisualStudioVersion = 10.0.40219.1
Project("{FAE04EC0-301F-11D3-BF4B-00C04F79EFBC}") = "TaskTracker", "TaskTracker\TaskTracker.csproj", "{16A9B729-2D74-4B59-8F0C-C4ED34DA5E46}"
EndProject
Global
	GlobalSection(SolutionConfigurationPlatforms) = preSolution
		Debug|Any CPU = Debug|Any CPU
		Release|Any CPU = Release|Any CPU
	EndGlobalSection
	GlobalSection(ProjectConfigurationPlatforms) = postSolution
		{16A9B729-2D74-4B59-8F0C-C4ED34DA5E46}.Debug|Any CPU.ActiveCfg = Debug|Any CPU
		{16A9B729-2D74-4B59-8F0C-C4ED34DA5E46}.Debug|Any CPU.Build.0 = Debug|Any CPU
		{16A9B729-2D74-4B59-8F0C-C4ED34DA5E46}.Release|Any CPU.ActiveCfg = Release|Any CPU
		{16A9B729-2D74-4B59-8F0C-C4ED34DA5E46}.Release|Any CPU.Build.0 = Release|Any CPU
	EndGlobalSection
	GlobalSection(SolutionProperties) = preSolution
		HideSolutionNode = FALSE
	EndGlobalSection
	GlobalSection(ExtensibilityGlobals) = postSolution
		SolutionGuid = {D2D5D515-EAAB-4F59-AEFB-7F2095500D60}
	EndGlobalSection
EndGlobal
